
Microsoft Visual Studio Solution File, Format Version 12.00
# Visual Studio 15
VisualStudioVersion = 15.0.28307.779
MinimumVisualStudioVersion = 10.0.40219.1
Project("{FAE04EC0-301F-11D3-BF4B-00C04F79EFBC}") = "Server", "Server\Server.csproj", "{B0F9FB15-7285-4EC6-BD09-CDBAFF921E59}"
EndProject
Project("{FAE04EC0-301F-11D3-BF4B-00C04F79EFBC}") = "Client", "Client\Client.csproj", "{AB32865C-0974-4A51-A9A5-ED318393557A}"
EndProject
Project("{FAE04EC0-301F-11D3-BF4B-00C04F79EFBC}") = "SignalRServer", "SignalRServer\SignalRServer.csproj", "{58EA4934-05DE-4A42-BD52-8EB467D46583}"
EndProject
Project("{FAE04EC0-301F-11D3-BF4B-00C04F79EFBC}") = "SignalRClient", "SignalRClient\SignalRClient.csproj", "{1194614B-404D-4BF6-A778-67370613CBFF}"
EndProject
Global
	GlobalSection(SolutionConfigurationPlatforms) = preSolution
		Debug|Any CPU = Debug|Any CPU
		Release|Any CPU = Release|Any CPU
	EndGlobalSection
	GlobalSection(ProjectConfigurationPlatforms) = postSolution
		{B0F9FB15-7285-4EC6-BD09-CDBAFF921E59}.Debug|Any CPU.ActiveCfg = Debug|Any CPU
		{B0F9FB15-7285-4EC6-BD09-CDBAFF921E59}.Debug|Any CPU.Build.0 = Debug|Any CPU
		{B0F9FB15-7285-4EC6-BD09-CDBAFF921E59}.Release|Any CPU.ActiveCfg = Release|Any CPU
		{B0F9FB15-7285-4EC6-BD09-CDBAFF921E59}.Release|Any CPU.Build.0 = Release|Any CPU
		{AB32865C-0974-4A51-A9A5-ED318393557A}.Debug|Any CPU.ActiveCfg = Debug|Any CPU
		{AB32865C-0974-4A51-A9A5-ED318393557A}.Debug|Any CPU.Build.0 = Debug|Any CPU
		{AB32865C-0974-4A51-A9A5-ED318393557A}.Release|Any CPU.ActiveCfg = Release|Any CPU
		{AB32865C-0974-4A51-A9A5-ED318393557A}.Release|Any CPU.Build.0 = Release|Any CPU
		{58EA4934-05DE-4A42-BD52-8EB467D46583}.Debug|Any CPU.ActiveCfg = Debug|Any CPU
		{58EA4934-05DE-4A42-BD52-8EB467D46583}.Debug|Any CPU.Build.0 = Debug|Any CPU
		{58EA4934-05DE-4A42-BD52-8EB467D46583}.Release|Any CPU.ActiveCfg = Release|Any CPU
		{58EA4934-05DE-4A42-BD52-8EB467D46583}.Release|Any CPU.Build.0 = Release|Any CPU
		{1194614B-404D-4BF6-A778-67370613CBFF}.Debug|Any CPU.ActiveCfg = Debug|Any CPU
		{1194614B-404D-4BF6-A778-67370613CBFF}.Debug|Any CPU.Build.0 = Debug|Any CPU
		{1194614B-404D-4BF6-A778-67370613CBFF}.Release|Any CPU.ActiveCfg = Release|Any CPU
		{1194614B-404D-4BF6-A778-67370613CBFF}.Release|Any CPU.Build.0 = Release|Any CPU
	EndGlobalSection
	GlobalSection(SolutionProperties) = preSolution
		HideSolutionNode = FALSE
	EndGlobalSection
	GlobalSection(ExtensibilityGlobals) = postSolution
		SolutionGuid = {36F5BD70-E52F-488D-8375-37A38054B501}
	EndGlobalSection
EndGlobal
